// !$*UTF8*$!
{
	archiveVersion = 1;
	classes = {
	};
	objectVersion = 55;
	objects = {

/* Begin PBXBuildFile section */
		4776B6C02832BB2200DB4000 /* AppDelegate.swift in Sources */ = {isa = PBXBuildFile; fileRef = 4776B6BF2832BB2200DB4000 /* AppDelegate.swift */; };
		4776B6C22832BB2200DB4000 /* SceneDelegate.swift in Sources */ = {isa = PBXBuildFile; fileRef = 4776B6C12832BB2200DB4000 /* SceneDelegate.swift */; };
		4776B6C42832BB2200DB4000 /* ViewController.swift in Sources */ = {isa = PBXBuildFile; fileRef = 4776B6C32832BB2200DB4000 /* ViewController.swift */; };
		4776B6CA2832BB2200DB4000 /* CarsModels.xcdatamodeld in Sources */ = {isa = PBXBuildFile; fileRef = 4776B6C82832BB2200DB4000 /* CarsModels.xcdatamodeld */; };
		4776B6CC2832BB2400DB4000 /* Assets.xcassets in Resources */ = {isa = PBXBuildFile; fileRef = 4776B6CB2832BB2400DB4000 /* Assets.xcassets */; };
		4776B6CF2832BB2400DB4000 /* LaunchScreen.storyboard in Resources */ = {isa = PBXBuildFile; fileRef = 4776B6CD2832BB2400DB4000 /* LaunchScreen.storyboard */; };
		4776B6D72833D13700DB4000 /* .gitignore in Resources */ = {isa = PBXBuildFile; fileRef = 4776B6D62833D13700DB4000 /* .gitignore */; };
		FEB45811944EA19489944F43 /* Pods_CarsModels.framework in Frameworks */ = {isa = PBXBuildFile; fileRef = A40A21AC7D0110737F74F7A9 /* Pods_CarsModels.framework */; };
/* End PBXBuildFile section */

/* Begin PBXFileReference section */
		4776B6BC2832BB2200DB4000 /* CarsModels.app */ = {isa = PBXFileReference; explicitFileType = wrapper.application; includeInIndex = 0; path = CarsModels.app; sourceTree = BUILT_PRODUCTS_DIR; };
		4776B6BF2832BB2200DB4000 /* AppDelegate.swift */ = {isa = PBXFileReference; lastKnownFileType = sourcecode.swift; path = AppDelegate.swift; sourceTree = "<group>"; };
		4776B6C12832BB2200DB4000 /* SceneDelegate.swift */ = {isa = PBXFileReference; lastKnownFileType = sourcecode.swift; path = SceneDelegate.swift; sourceTree = "<group>"; };
		4776B6C32832BB2200DB4000 /* ViewController.swift */ = {isa = PBXFileReference; lastKnownFileType = sourcecode.swift; path = ViewController.swift; sourceTree = "<group>"; };
		4776B6C92832BB2200DB4000 /* CarsModels.xcdatamodel */ = {isa = PBXFileReference; lastKnownFileType = wrapper.xcdatamodel; path = CarsModels.xcdatamodel; sourceTree = "<group>"; };
		4776B6CB2832BB2400DB4000 /* Assets.xcassets */ = {isa = PBXFileReference; lastKnownFileType = folder.assetcatalog; path = Assets.xcassets; sourceTree = "<group>"; };
		4776B6CE2832BB2400DB4000 /* Base */ = {isa = PBXFileReference; lastKnownFileType = file.storyboard; name = Base; path = Base.lproj/LaunchScreen.storyboard; sourceTree = "<group>"; };
		4776B6D02832BB2400DB4000 /* Info.plist */ = {isa = PBXFileReference; lastKnownFileType = text.plist.xml; path = Info.plist; sourceTree = "<group>"; };
		4776B6D62833D13700DB4000 /* .gitignore */ = {isa = PBXFileReference; lastKnownFileType = text; path = .gitignore; sourceTree = "<group>"; };
		6E6B6EB291EFB3C1BD881E03 /* Pods-CarsModels.release.xcconfig */ = {isa = PBXFileReference; includeInIndex = 1; lastKnownFileType = text.xcconfig; name = "Pods-CarsModels.release.xcconfig"; path = "Target Support Files/Pods-CarsModels/Pods-CarsModels.release.xcconfig"; sourceTree = "<group>"; };
		879C57E171EBD627D7838223 /* Pods-CarsModels.debug.xcconfig */ = {isa = PBXFileReference; includeInIndex = 1; lastKnownFileType = text.xcconfig; name = "Pods-CarsModels.debug.xcconfig"; path = "Target Support Files/Pods-CarsModels/Pods-CarsModels.debug.xcconfig"; sourceTree = "<group>"; };
		A40A21AC7D0110737F74F7A9 /* Pods_CarsModels.framework */ = {isa = PBXFileReference; explicitFileType = wrapper.framework; includeInIndex = 0; path = Pods_CarsModels.framework; sourceTree = BUILT_PRODUCTS_DIR; };
/* End PBXFileReference section */

/* Begin PBXFrameworksBuildPhase section */
		4776B6B92832BB2200DB4000 /* Frameworks */ = {
			isa = PBXFrameworksBuildPhase;
			buildActionMask = 2147483647;
			files = (
				FEB45811944EA19489944F43 /* Pods_CarsModels.framework in Frameworks */,
			);
			runOnlyForDeploymentPostprocessing = 0;
		};
/* End PBXFrameworksBuildPhase section */

/* Begin PBXGroup section */
		4776B6B32832BB2200DB4000 = {
			isa = PBXGroup;
			children = (
				4776B6BE2832BB2200DB4000 /* CarsModels */,
				4776B6BD2832BB2200DB4000 /* Products */,
				D2CD29F3EC8CFC61F8CB1B37 /* Pods */,
				FE8879923A1BB961CA9CA4EF /* Frameworks */,
			);
			sourceTree = "<group>";
		};
		4776B6BD2832BB2200DB4000 /* Products */ = {
			isa = PBXGroup;
			children = (
				4776B6BC2832BB2200DB4000 /* CarsModels.app */,
			);
			name = Products;
			sourceTree = "<group>";
		};
		4776B6BE2832BB2200DB4000 /* CarsModels */ = {
			isa = PBXGroup;
			children = (
				4776B6D82833D14B00DB4000 /* Models */,
				4776B6D92833D15200DB4000 /* ViewControllers */,
				4776B6DA2833D15F00DB4000 /* Others */,
			);
			path = CarsModels;
			sourceTree = "<group>";
		};
		4776B6D82833D14B00DB4000 /* Models */ = {
			isa = PBXGroup;
			children = (
				4776B6C82832BB2200DB4000 /* CarsModels.xcdatamodeld */,
			);
			path = Models;
			sourceTree = "<group>";
		};
		4776B6D92833D15200DB4000 /* ViewControllers */ = {
			isa = PBXGroup;
			children = (
				4776B6C32832BB2200DB4000 /* ViewController.swift */,
			);
			path = ViewControllers;
			sourceTree = "<group>";
		};
		4776B6DA2833D15F00DB4000 /* Others */ = {
			isa = PBXGroup;
			children = (
				4776B6BF2832BB2200DB4000 /* AppDelegate.swift */,
				4776B6C12832BB2200DB4000 /* SceneDelegate.swift */,
				4776B6CB2832BB2400DB4000 /* Assets.xcassets */,
				4776B6CD2832BB2400DB4000 /* LaunchScreen.storyboard */,
				4776B6D02832BB2400DB4000 /* Info.plist */,
				4776B6D62833D13700DB4000 /* .gitignore */,
			);
			path = Others;
			sourceTree = "<group>";
		};
		D2CD29F3EC8CFC61F8CB1B37 /* Pods */ = {
			isa = PBXGroup;
			children = (
				879C57E171EBD627D7838223 /* Pods-CarsModels.debug.xcconfig */,
				6E6B6EB291EFB3C1BD881E03 /* Pods-CarsModels.release.xcconfig */,
			);
			path = Pods;
			sourceTree = "<group>";
		};
		FE8879923A1BB961CA9CA4EF /* Frameworks */ = {
			isa = PBXGroup;
			children = (
				A40A21AC7D0110737F74F7A9 /* Pods_CarsModels.framework */,
			);
			name = Frameworks;
			sourceTree = "<group>";
		};
/* End PBXGroup section */

/* Begin PBXNativeTarget section */
		4776B6BB2832BB2200DB4000 /* CarsModels */ = {
			isa = PBXNativeTarget;
			buildConfigurationList = 4776B6D32832BB2400DB4000 /* Build configuration list for PBXNativeTarget "CarsModels" */;
			buildPhases = (
				D8CF7510B63A2BD4250ECEAE /* [CP] Check Pods Manifest.lock */,
				4776B6B82832BB2200DB4000 /* Sources */,
				4776B6B92832BB2200DB4000 /* Frameworks */,
				4776B6BA2832BB2200DB4000 /* Resources */,
				B4D122AA885665F10FB98793 /* [CP] Embed Pods Frameworks */,
			);
			buildRules = (
			);
			dependencies = (
			);
			name = CarsModels;
			productName = CarsModels;
			productReference = 4776B6BC2832BB2200DB4000 /* CarsModels.app */;
			productType = "com.apple.product-type.application";
		};
/* End PBXNativeTarget section */

/* Begin PBXProject section */
		4776B6B42832BB2200DB4000 /* Project object */ = {
			isa = PBXProject;
			attributes = {
				BuildIndependentTargetsInParallel = 1;
				LastSwiftUpdateCheck = 1320;
				LastUpgradeCheck = 1320;
				TargetAttributes = {
					4776B6BB2832BB2200DB4000 = {
						CreatedOnToolsVersion = 13.2.1;
					};
				};
			};
			buildConfigurationList = 4776B6B72832BB2200DB4000 /* Build configuration list for PBXProject "CarsModels" */;
			compatibilityVersion = "Xcode 13.0";
			developmentRegion = en;
			hasScannedForEncodings = 0;
			knownRegions = (
				en,
				Base,
			);
			mainGroup = 4776B6B32832BB2200DB4000;
			productRefGroup = 4776B6BD2832BB2200DB4000 /* Products */;
			projectDirPath = "";
			projectRoot = "";
			targets = (
				4776B6BB2832BB2200DB4000 /* CarsModels */,
			);
		};
/* End PBXProject section */

/* Begin PBXResourcesBuildPhase section */
		4776B6BA2832BB2200DB4000 /* Resources */ = {
			isa = PBXResourcesBuildPhase;
			buildActionMask = 2147483647;
			files = (
				4776B6CF2832BB2400DB4000 /* LaunchScreen.storyboard in Resources */,
				4776B6D72833D13700DB4000 /* .gitignore in Resources */,
				4776B6CC2832BB2400DB4000 /* Assets.xcassets in Resources */,
			);
			runOnlyForDeploymentPostprocessing = 0;
		};
/* End PBXResourcesBuildPhase section */

/* Begin PBXShellScriptBuildPhase section */
		B4D122AA885665F10FB98793 /* [CP] Embed Pods Frameworks */ = {
			isa = PBXShellScriptBuildPhase;
			buildActionMask = 2147483647;
			files = (
			);
			inputFileListPaths = (
				"${PODS_ROOT}/Target Support Files/Pods-CarsModels/Pods-CarsModels-frameworks-${CONFIGURATION}-input-files.xcfilelist",
			);
			name = "[CP] Embed Pods Frameworks";
			outputFileListPaths = (
				"${PODS_ROOT}/Target Support Files/Pods-CarsModels/Pods-CarsModels-frameworks-${CONFIGURATION}-output-files.xcfilelist",
			);
			runOnlyForDeploymentPostprocessing = 0;
			shellPath = /bin/sh;
			shellScript = "\"${PODS_ROOT}/Target Support Files/Pods-CarsModels/Pods-CarsModels-frameworks.sh\"\n";
			showEnvVarsInLog = 0;
		};
		D8CF7510B63A2BD4250ECEAE /* [CP] Check Pods Manifest.lock */ = {
			isa = PBXShellScriptBuildPhase;
			buildActionMask = 2147483647;
			files = (
			);
			inputFileListPaths = (
			);
			inputPaths = (
				"${PODS_PODFILE_DIR_PATH}/Podfile.lock",
				"${PODS_ROOT}/Manifest.lock",
			);
			name = "[CP] Check Pods Manifest.lock";
			outputFileListPaths = (
			);
			outputPaths = (
				"$(DERIVED_FILE_DIR)/Pods-CarsModels-checkManifestLockResult.txt",
			);
			runOnlyForDeploymentPostprocessing = 0;
			shellPath = /bin/sh;
			shellScript = "diff \"${PODS_PODFILE_DIR_PATH}/Podfile.lock\" \"${PODS_ROOT}/Manifest.lock\" > /dev/null\nif [ $? != 0 ] ; then\n    # print error to STDERR\n    echo \"error: The sandbox is not in sync with the Podfile.lock. Run 'pod install' or update your CocoaPods installation.\" >&2\n    exit 1\nfi\n# This output is used by Xcode 'outputs' to avoid re-running this script phase.\necho \"SUCCESS\" > \"${SCRIPT_OUTPUT_FILE_0}\"\n";
			showEnvVarsInLog = 0;
		};
/* End PBXShellScriptBuildPhase section */

/* Begin PBXSourcesBuildPhase section */
		4776B6B82832BB2200DB4000 /* Sources */ = {
			isa = PBXSourcesBuildPhase;
			buildActionMask = 2147483647;
			files = (
				4776B6CA2832BB2200DB4000 /* CarsModels.xcdatamodeld in Sources */,
				4776B6C42832BB2200DB4000 /* ViewController.swift in Sources */,
				4776B6C02832BB2200DB4000 /* AppDelegate.swift in Sources */,
				4776B6C22832BB2200DB4000 /* SceneDelegate.swift in Sources */,
			);
			runOnlyForDeploymentPostprocessing = 0;
		};
/* End PBXSourcesBuildPhase section */

/* Begin PBXVariantGroup section */
		4776B6CD2832BB2400DB4000 /* LaunchScreen.storyboard */ = {
			isa = PBXVariantGroup;
			children = (
				4776B6CE2832BB2400DB4000 /* Base */,
			);
			name = LaunchScreen.storyboard;
			sourceTree = "<group>";
		};
/* End PBXVariantGroup section */

/* Begin XCBuildConfiguration section */
		4776B6D12832BB2400DB4000 /* Debug */ = {
			isa = XCBuildConfiguration;
			buildSettings = {
				ALWAYS_SEARCH_USER_PATHS = NO;
				CLANG_ANALYZER_NONNULL = YES;
				CLANG_ANALYZER_NUMBER_OBJECT_CONVERSION = YES_AGGRESSIVE;
				CLANG_CXX_LANGUAGE_STANDARD = "gnu++17";
				CLANG_CXX_LIBRARY = "libc++";
				CLANG_ENABLE_MODULES = YES;
				CLANG_ENABLE_OBJC_ARC = YES;
				CLANG_ENABLE_OBJC_WEAK = YES;
				CLANG_WARN_BLOCK_CAPTURE_AUTORELEASING = YES;
				CLANG_WARN_BOOL_CONVERSION = YES;
				CLANG_WARN_COMMA = YES;
				CLANG_WARN_CONSTANT_CONVERSION = YES;
				CLANG_WARN_DEPRECATED_OBJC_IMPLEMENTATIONS = YES;
				CLANG_WARN_DIRECT_OBJC_ISA_USAGE = YES_ERROR;
				CLANG_WARN_DOCUMENTATION_COMMENTS = YES;
				CLANG_WARN_EMPTY_BODY = YES;
				CLANG_WARN_ENUM_CONVERSION = YES;
				CLANG_WARN_INFINITE_RECURSION = YES;
				CLANG_WARN_INT_CONVERSION = YES;
				CLANG_WARN_NON_LITERAL_NULL_CONVERSION = YES;
				CLANG_WARN_OBJC_IMPLICIT_RETAIN_SELF = YES;
				CLANG_WARN_OBJC_LITERAL_CONVERSION = YES;
				CLANG_WARN_OBJC_ROOT_CLASS = YES_ERROR;
				CLANG_WARN_QUOTED_INCLUDE_IN_FRAMEWORK_HEADER = YES;
				CLANG_WARN_RANGE_LOOP_ANALYSIS = YES;
				CLANG_WARN_STRICT_PROTOTYPES = YES;
				CLANG_WARN_SUSPICIOUS_MOVE = YES;
				CLANG_WARN_UNGUARDED_AVAILABILITY = YES_AGGRESSIVE;
				CLANG_WARN_UNREACHABLE_CODE = YES;
				CLANG_WARN__DUPLICATE_METHOD_MATCH = YES;
				COPY_PHASE_STRIP = NO;
				DEBUG_INFORMATION_FORMAT = dwarf;
				ENABLE_STRICT_OBJC_MSGSEND = YES;
				ENABLE_TESTABILITY = YES;
				GCC_C_LANGUAGE_STANDARD = gnu11;
				GCC_DYNAMIC_NO_PIC = NO;
				GCC_NO_COMMON_BLOCKS = YES;
				GCC_OPTIMIZATION_LEVEL = 0;
				GCC_PREPROCESSOR_DEFINITIONS = (
					"DEBUG=1",
					"$(inherited)",
				);
				GCC_WARN_64_TO_32_BIT_CONVERSION = YES;
				GCC_WARN_ABOUT_RETURN_TYPE = YES_ERROR;
				GCC_WARN_UNDECLARED_SELECTOR = YES;
				GCC_WARN_UNINITIALIZED_AUTOS = YES_AGGRESSIVE;
				GCC_WARN_UNUSED_FUNCTION = YES;
				GCC_WARN_UNUSED_VARIABLE = YES;
				IPHONEOS_DEPLOYMENT_TARGET = 15.2;
				MTL_ENABLE_DEBUG_INFO = INCLUDE_SOURCE;
				MTL_FAST_MATH = YES;
				ONLY_ACTIVE_ARCH = YES;
				SDKROOT = iphoneos;
				SWIFT_ACTIVE_COMPILATION_CONDITIONS = DEBUG;
				SWIFT_OPTIMIZATION_LEVEL = "-Onone";
			};
			name = Debug;
		};
		4776B6D22832BB2400DB4000 /* Release */ = {
			isa = XCBuildConfiguration;
			buildSettings = {
				ALWAYS_SEARCH_USER_PATHS = NO;
				CLANG_ANALYZER_NONNULL = YES;
				CLANG_ANALYZER_NUMBER_OBJECT_CONVERSION = YES_AGGRESSIVE;
				CLANG_CXX_LANGUAGE_STANDARD = "gnu++17";
				CLANG_CXX_LIBRARY = "libc++";
				CLANG_ENABLE_MODULES = YES;
				CLANG_ENABLE_OBJC_ARC = YES;
				CLANG_ENABLE_OBJC_WEAK = YES;
				CLANG_WARN_BLOCK_CAPTURE_AUTORELEASING = YES;
				CLANG_WARN_BOOL_CONVERSION = YES;
				CLANG_WARN_COMMA = YES;
				CLANG_WARN_CONSTANT_CONVERSION = YES;
				CLANG_WARN_DEPRECATED_OBJC_IMPLEMENTATIONS = YES;
				CLANG_WARN_DIRECT_OBJC_ISA_USAGE = YES_ERROR;
				CLANG_WARN_DOCUMENTATION_COMMENTS = YES;
				CLANG_WARN_EMPTY_BODY = YES;
				CLANG_WARN_ENUM_CONVERSION = YES;
				CLANG_WARN_INFINITE_RECURSION = YES;
				CLANG_WARN_INT_CONVERSION = YES;
				CLANG_WARN_NON_LITERAL_NULL_CONVERSION = YES;
				CLANG_WARN_OBJC_IMPLICIT_RETAIN_SELF = YES;
				CLANG_WARN_OBJC_LITERAL_CONVERSION = YES;
				CLANG_WARN_OBJC_ROOT_CLASS = YES_ERROR;
				CLANG_WARN_QUOTED_INCLUDE_IN_FRAMEWORK_HEADER = YES;
				CLANG_WARN_RANGE_LOOP_ANALYSIS = YES;
				CLANG_WARN_STRICT_PROTOTYPES = YES;
				CLANG_WARN_SUSPICIOUS_MOVE = YES;
				CLANG_WARN_UNGUARDED_AVAILABILITY = YES_AGGRESSIVE;
				CLANG_WARN_UNREACHABLE_CODE = YES;
				CLANG_WARN__DUPLICATE_METHOD_MATCH = YES;
				COPY_PHASE_STRIP = NO;
				DEBUG_INFORMATION_FORMAT = "dwarf-with-dsym";
				ENABLE_NS_ASSERTIONS = NO;
				ENABLE_STRICT_OBJC_MSGSEND = YES;
				GCC_C_LANGUAGE_STANDARD = gnu11;
				GCC_NO_COMMON_BLOCKS = YES;
				GCC_WARN_64_TO_32_BIT_CONVERSION = YES;
				GCC_WARN_ABOUT_RETURN_TYPE = YES_ERROR;
				GCC_WARN_UNDECLARED_SELECTOR = YES;
				GCC_WARN_UNINITIALIZED_AUTOS = YES_AGGRESSIVE;
				GCC_WARN_UNUSED_FUNCTION = YES;
				GCC_WARN_UNUSED_VARIABLE = YES;
				IPHONEOS_DEPLOYMENT_TARGET = 15.2;
				MTL_ENABLE_DEBUG_INFO = NO;
				MTL_FAST_MATH = YES;
				SDKROOT = iphoneos;
				SWIFT_COMPILATION_MODE = wholemodule;
				SWIFT_OPTIMIZATION_LEVEL = "-O";
				VALIDATE_PRODUCT = YES;
			};
			name = Release;
		};
		4776B6D42832BB2400DB4000 /* Debug */ = {
			isa = XCBuildConfiguration;
			baseConfigurationReference = 879C57E171EBD627D7838223 /* Pods-CarsModels.debug.xcconfig */;
			buildSettings = {
				ASSETCATALOG_COMPILER_APPICON_NAME = AppIcon;
				ASSETCATALOG_COMPILER_GLOBAL_ACCENT_COLOR_NAME = AccentColor;
				CODE_SIGN_STYLE = Automatic;
				CURRENT_PROJECT_VERSION = 1;
				DEVELOPMENT_TEAM = 7288C3T3B9;
				GENERATE_INFOPLIST_FILE = YES;
				INFOPLIST_FILE = CarsModels/Others/Info.plist;
				INFOPLIST_KEY_UIApplicationSupportsIndirectInputEvents = YES;
				INFOPLIST_KEY_UILaunchStoryboardName = LaunchScreen;
				INFOPLIST_KEY_UISupportedInterfaceOrientations = UIInterfaceOrientationPortrait;
				INFOPLIST_KEY_UISupportedInterfaceOrientations_iPad = "UIInterfaceOrientationPortrait UIInterfaceOrientationPortraitUpsideDown UIInterfaceOrientationLandscapeLeft UIInterfaceOrientationLandscapeRight";
				INFOPLIST_KEY_UISupportedInterfaceOrientations_iPhone = "UIInterfaceOrientationPortrait UIInterfaceOrientationLandscapeLeft UIInterfaceOrientationLandscapeRight";
				LD_RUNPATH_SEARCH_PATHS = (
					"$(inherited)",
					"@executable_path/Frameworks",
				);
				MARKETING_VERSION = 1.0;
				PRODUCT_BUNDLE_IDENTIFIER = bohdan.bondar.CarsModels;
				PRODUCT_NAME = "$(TARGET_NAME)";
				SWIFT_EMIT_LOC_STRINGS = YES;
				SWIFT_VERSION = 5.0;
				TARGETED_DEVICE_FAMILY = 1;
			};
			name = Debug;
		};
		4776B6D52832BB2400DB4000 /* Release */ = {
			isa = XCBuildConfiguration;
			baseConfigurationReference = 6E6B6EB291EFB3C1BD881E03 /* Pods-CarsModels.release.xcconfig */;
			buildSettings = {
				ASSETCATALOG_COMPILER_APPICON_NAME = AppIcon;
				ASSETCATALOG_COMPILER_GLOBAL_ACCENT_COLOR_NAME = AccentColor;
				CODE_SIGN_STYLE = Automatic;
				CURRENT_PROJECT_VERSION = 1;
				DEVELOPMENT_TEAM = 7288C3T3B9;
				GENERATE_INFOPLIST_FILE = YES;
				INFOPLIST_FILE = CarsModels/Others/Info.plist;
				INFOPLIST_KEY_UIApplicationSupportsIndirectInputEvents = YES;
				INFOPLIST_KEY_UILaunchStoryboardName = LaunchScreen;
				INFOPLIST_KEY_UISupportedInterfaceOrientations = UIInterfaceOrientationPortrait;
				INFOPLIST_KEY_UISupportedInterfaceOrientations_iPad = "UIInterfaceOrientationPortrait UIInterfaceOrientationPortraitUpsideDown UIInterfaceOrientationLandscapeLeft UIInterfaceOrientationLandscapeRight";
				INFOPLIST_KEY_UISupportedInterfaceOrientations_iPhone = "UIInterfaceOrientationPortrait UIInterfaceOrientationLandscapeLeft UIInterfaceOrientationLandscapeRight";
				LD_RUNPATH_SEARCH_PATHS = (
					"$(inherited)",
					"@executable_path/Frameworks",
				);
				MARKETING_VERSION = 1.0;
				PRODUCT_BUNDLE_IDENTIFIER = bohdan.bondar.CarsModels;
				PRODUCT_NAME = "$(TARGET_NAME)";
				SWIFT_EMIT_LOC_STRINGS = YES;
				SWIFT_VERSION = 5.0;
				TARGETED_DEVICE_FAMILY = 1;
			};
			name = Release;
		};
/* End XCBuildConfiguration section */

/* Begin XCConfigurationList section */
		4776B6B72832BB2200DB4000 /* Build configuration list for PBXProject "CarsModels" */ = {
			isa = XCConfigurationList;
			buildConfigurations = (
				4776B6D12832BB2400DB4000 /* Debug */,
				4776B6D22832BB2400DB4000 /* Release */,
			);
			defaultConfigurationIsVisible = 0;
			defaultConfigurationName = Release;
		};
		4776B6D32832BB2400DB4000 /* Build configuration list for PBXNativeTarget "CarsModels" */ = {
			isa = XCConfigurationList;
			buildConfigurations = (
				4776B6D42832BB2400DB4000 /* Debug */,
				4776B6D52832BB2400DB4000 /* Release */,
			);
			defaultConfigurationIsVisible = 0;
			defaultConfigurationName = Release;
		};
/* End XCConfigurationList section */

/* Begin XCVersionGroup section */
		4776B6C82832BB2200DB4000 /* CarsModels.xcdatamodeld */ = {
			isa = XCVersionGroup;
			children = (
				4776B6C92832BB2200DB4000 /* CarsModels.xcdatamodel */,
			);
			currentVersion = 4776B6C92832BB2200DB4000 /* CarsModels.xcdatamodel */;
			path = CarsModels.xcdatamodeld;
			sourceTree = "<group>";
			versionGroupType = wrapper.xcdatamodel;
		};
/* End XCVersionGroup section */
	};
	rootObject = 4776B6B42832BB2200DB4000 /* Project object */;
}
